
Microsoft Visual Studio Solution File, Format Version 11.00
# Visual Studio 2010
Project("{FAE04EC0-301F-11D3-BF4B-00C04F79EFBC}") = "soapUIEngine", "soapUIEngine\soapUIEngine.csproj", "{CABA821F-3BD3-4124-8E20-50B6A35B6878}"
EndProject
Global
	GlobalSection(SolutionConfigurationPlatforms) = preSolution
		Debug|Any CPU = Debug|Any CPU
		Release|Any CPU = Release|Any CPU
	EndGlobalSection
	GlobalSection(ProjectConfigurationPlatforms) = postSolution
		{CABA821F-3BD3-4124-8E20-50B6A35B6878}.Debug|Any CPU.ActiveCfg = Debug|Any CPU
		{CABA821F-3BD3-4124-8E20-50B6A35B6878}.Debug|Any CPU.Build.0 = Debug|Any CPU
		{CABA821F-3BD3-4124-8E20-50B6A35B6878}.Release|Any CPU.ActiveCfg = Release|Any CPU
		{CABA821F-3BD3-4124-8E20-50B6A35B6878}.Release|Any CPU.Build.0 = Release|Any CPU
	EndGlobalSection
	GlobalSection(SolutionProperties) = preSolution
		HideSolutionNode = FALSE
	EndGlobalSection
EndGlobal
